
Microsoft Visual Studio Solution File, Format Version 12.00
# Visual Studio Version 17
VisualStudioVersion = 17.8.34525.116
MinimumVisualStudioVersion = 10.0.40219.1
Project("{FAE04EC0-301F-11D3-BF4B-00C04F79EFBC}") = "Week2", "Week2\Week2.csproj", "{B67B790B-476F-4824-B1A3-44B57DE933DF}"
EndProject
Project("{FAE04EC0-301F-11D3-BF4B-00C04F79EFBC}") = "UserGenderValidation", "UserGenderValidation\UserGenderValidation.csproj", "{29525C88-0454-4309-81EB-781D09B8636A}"
EndProject
Project("{FAE04EC0-301F-11D3-BF4B-00C04F79EFBC}") = "UserAgeValidation", "UserAgeValidation\UserAgeValidation.csproj", "{68102835-7BA9-4F00-B93F-5274959EE50C}"
EndProject
Global
	GlobalSection(SolutionConfigurationPlatforms) = preSolution
		Debug|Any CPU = Debug|Any CPU
		Release|Any CPU = Release|Any CPU
	EndGlobalSection
	GlobalSection(ProjectConfigurationPlatforms) = postSolution
		{B67B790B-476F-4824-B1A3-44B57DE933DF}.Debug|Any CPU.ActiveCfg = Debug|Any CPU
		{B67B790B-476F-4824-B1A3-44B57DE933DF}.Debug|Any CPU.Build.0 = Debug|Any CPU
		{B67B790B-476F-4824-B1A3-44B57DE933DF}.Release|Any CPU.ActiveCfg = Release|Any CPU
		{B67B790B-476F-4824-B1A3-44B57DE933DF}.Release|Any CPU.Build.0 = Release|Any CPU
		{29525C88-0454-4309-81EB-781D09B8636A}.Debug|Any CPU.ActiveCfg = Debug|Any CPU
		{29525C88-0454-4309-81EB-781D09B8636A}.Debug|Any CPU.Build.0 = Debug|Any CPU
		{29525C88-0454-4309-81EB-781D09B8636A}.Release|Any CPU.ActiveCfg = Release|Any CPU
		{29525C88-0454-4309-81EB-781D09B8636A}.Release|Any CPU.Build.0 = Release|Any CPU
		{68102835-7BA9-4F00-B93F-5274959EE50C}.Debug|Any CPU.ActiveCfg = Debug|Any CPU
		{68102835-7BA9-4F00-B93F-5274959EE50C}.Debug|Any CPU.Build.0 = Debug|Any CPU
		{68102835-7BA9-4F00-B93F-5274959EE50C}.Release|Any CPU.ActiveCfg = Release|Any CPU
		{68102835-7BA9-4F00-B93F-5274959EE50C}.Release|Any CPU.Build.0 = Release|Any CPU
	EndGlobalSection
	GlobalSection(SolutionProperties) = preSolution
		HideSolutionNode = FALSE
	EndGlobalSection
	GlobalSection(ExtensibilityGlobals) = postSolution
		SolutionGuid = {146C96D7-217F-48CE-BAC0-82C71245B921}
	EndGlobalSection
EndGlobal
